{
  "name": "01-studyWeChatMiniProgram",
  "version": "1.0.0",
  "lockfileVersion": 1,
  "requires": true,
  "dependencies": {
    "@vant/weapp": {
      "version": "1.8.2",
      "resolved": "https://registry.nlark.com/@vant/weapp/download/@vant/weapp-1.8.2.tgz?cache=0&sync_timestamp=1629256556941&other_urls=https%3A%2F%2Fregistry.nlark.com%2F%40vant%2Fweapp%2Fdownload%2F%40vant%2Fweapp-1.8.2.tgz",
      "integrity": "sha1-4UqXTkYr0x+UlB07Y4WPmzoYXrE="
    }
  }
}
