lockfileVersion: 5.4

importers:

  .:
    specifiers:
      '@denverzh/functions': workspace:^1.0.0
    dependencies:
      '@denverzh/functions': link:functions

  functions:
    specifiers:
      lodash: ^4.17.21
    dependencies:
      lodash: 4.17.21

  packages:

    specifiers:
      '@denverzh/functions': workspace:^1.0.0

    dependencies:
      '@denverzh/functions': link:../functions

  packages/project1:
    specifiers:
      '@denverzh/functions': workspace:^1.0.0
    dependencies:
      '@denverzh/functions': link:../../functions

  packages/project2:
    specifiers:
      '@denverzh/functions': workspace:^1.0.0
    dependencies:
      '@denverzh/functions': link:../../functions

packages:

  /lodash/4.17.21:
    resolution: {integrity: sha512-v2kDEe57lecTulaDIuNTPy3Ry4gLGJ6Z1O3vE1krgXZNrsQ+LFTGHVxVjcXPs17LhbZVGedAJv8XZ1tvj5FvSg==}
    dev: false
